// !$*UTF8*$!
{
	archiveVersion = 1;
	classes = {
	};
	objectVersion = 56;
	objects = {

/* Begin PBXBuildFile section */
		633B59092BB980FD00065CD7 /* Raw_BeatApp.swift in Sources */ = {isa = PBXBuildFile; fileRef = 633B59082BB980FD00065CD7 /* Raw_BeatApp.swift */; };
		633B590B2BB980FD00065CD7 /* ContentView.swift in Sources */ = {isa = PBXBuildFile; fileRef = 633B590A2BB980FD00065CD7 /* ContentView.swift */; };
		633B590D2BB9810000065CD7 /* Assets.xcassets in Resources */ = {isa = PBXBuildFile; fileRef = 633B590C2BB9810000065CD7 /* Assets.xcassets */; };
		633B59102BB9810000065CD7 /* Preview Assets.xcassets in Resources */ = {isa = PBXBuildFile; fileRef = 633B590F2BB9810000065CD7 /* Preview Assets.xcassets */; };
		633B591A2BB9810100065CD7 /* Raw_BeatTests.swift in Sources */ = {isa = PBXBuildFile; fileRef = 633B59192BB9810100065CD7 /* Raw_BeatTests.swift */; };
		633B59242BB9810100065CD7 /* Raw_BeatUITests.swift in Sources */ = {isa = PBXBuildFile; fileRef = 633B59232BB9810100065CD7 /* Raw_BeatUITests.swift */; };
		633B59262BB9810100065CD7 /* Raw_BeatUITestsLaunchTests.swift in Sources */ = {isa = PBXBuildFile; fileRef = 633B59252BB9810100065CD7 /* Raw_BeatUITestsLaunchTests.swift */; };
		633B59882BB985AA00065CD7 /* Sound.swift in Sources */ = {isa = PBXBuildFile; fileRef = 633B59832BB985A900065CD7 /* Sound.swift */; };
		633B59892BB985AA00065CD7 /* MetronomeDelegate.swift in Sources */ = {isa = PBXBuildFile; fileRef = 633B59842BB985A900065CD7 /* MetronomeDelegate.swift */; };
		633B598A2BB985AA00065CD7 /* MetronomeError.swift in Sources */ = {isa = PBXBuildFile; fileRef = 633B59852BB985A900065CD7 /* MetronomeError.swift */; };
		633B598B2BB985AA00065CD7 /* TimeSignature.swift in Sources */ = {isa = PBXBuildFile; fileRef = 633B59862BB985A900065CD7 /* TimeSignature.swift */; };
		633B598C2BB985AA00065CD7 /* Metronome.swift in Sources */ = {isa = PBXBuildFile; fileRef = 633B59872BB985AA00065CD7 /* Metronome.swift */; };
		633B59942BB9865900065CD7 /* kickDown.aif in Resources */ = {isa = PBXBuildFile; fileRef = 633B598E2BB9865800065CD7 /* kickDown.aif */; };
		633B59952BB9865900065CD7 /* hihatUp.aif in Resources */ = {isa = PBXBuildFile; fileRef = 633B598F2BB9865800065CD7 /* hihatUp.aif */; };
		633B59962BB9865900065CD7 /* hihatDown.aif in Resources */ = {isa = PBXBuildFile; fileRef = 633B59902BB9865900065CD7 /* hihatDown.aif */; };
		633B59972BB9865900065CD7 /* kickUp.aif in Resources */ = {isa = PBXBuildFile; fileRef = 633B59912BB9865900065CD7 /* kickUp.aif */; };
		633B59982BB9865900065CD7 /* tickDown.aif in Resources */ = {isa = PBXBuildFile; fileRef = 633B59922BB9865900065CD7 /* tickDown.aif */; };
		633B59992BB9865900065CD7 /* tickUp.aif in Resources */ = {isa = PBXBuildFile; fileRef = 633B59932BB9865900065CD7 /* tickUp.aif */; };
		633B599B2BB9876900065CD7 /* HapticsPlayer.swift in Sources */ = {isa = PBXBuildFile; fileRef = 633B599A2BB9876900065CD7 /* HapticsPlayer.swift */; };
		633B59A72BB9883800065CD7 /* CircleToggle.swift in Sources */ = {isa = PBXBuildFile; fileRef = 633B59A12BB9883700065CD7 /* CircleToggle.swift */; };
		633B59A82BB9883800065CD7 /* PlayButton.swift in Sources */ = {isa = PBXBuildFile; fileRef = 633B59A22BB9883700065CD7 /* PlayButton.swift */; };
		633B59A92BB9883800065CD7 /* SymbolContainer.swift in Sources */ = {isa = PBXBuildFile; fileRef = 633B59A32BB9883800065CD7 /* SymbolContainer.swift */; };
		633B59AA2BB9883800065CD7 /* CircleButton.swift in Sources */ = {isa = PBXBuildFile; fileRef = 633B59A42BB9883800065CD7 /* CircleButton.swift */; };
		633B59AB2BB9883800065CD7 /* ButtonBar.swift in Sources */ = {isa = PBXBuildFile; fileRef = 633B59A52BB9883800065CD7 /* ButtonBar.swift */; };
		633B59AC2BB9883800065CD7 /* ButtonBackground.swift in Sources */ = {isa = PBXBuildFile; fileRef = 633B59A62BB9883800065CD7 /* ButtonBackground.swift */; };
		633B59B12BB9886200065CD7 /* TempoMarking.swift in Sources */ = {isa = PBXBuildFile; fileRef = 633B59AD2BB9886100065CD7 /* TempoMarking.swift */; };
		633B59B22BB9886200065CD7 /* TempoField.swift in Sources */ = {isa = PBXBuildFile; fileRef = 633B59AE2BB9886200065CD7 /* TempoField.swift */; };
		633B59B32BB9886200065CD7 /* TempoScroll.swift in Sources */ = {isa = PBXBuildFile; fileRef = 633B59AF2BB9886200065CD7 /* TempoScroll.swift */; };
		633B59B42BB9886200065CD7 /* TempoText.swift in Sources */ = {isa = PBXBuildFile; fileRef = 633B59B02BB9886200065CD7 /* TempoText.swift */; };
		633B59B82BB9887A00065CD7 /* ParticleView.swift in Sources */ = {isa = PBXBuildFile; fileRef = 633B59B52BB9887900065CD7 /* ParticleView.swift */; };
		633B59B92BB9887A00065CD7 /* TouchVisualizer.swift in Sources */ = {isa = PBXBuildFile; fileRef = 633B59B62BB9887A00065CD7 /* TouchVisualizer.swift */; };
		633B59BA2BB9887A00065CD7 /* BeatsVisualizer.swift in Sources */ = {isa = PBXBuildFile; fileRef = 633B59B72BB9887A00065CD7 /* BeatsVisualizer.swift */; };
		633B59BD2BB9889200065CD7 /* Hint.swift in Sources */ = {isa = PBXBuildFile; fileRef = 633B59BB2BB9889200065CD7 /* Hint.swift */; };
		633B59BE2BB9889200065CD7 /* ErrorMessage.swift in Sources */ = {isa = PBXBuildFile; fileRef = 633B59BC2BB9889200065CD7 /* ErrorMessage.swift */; };
		633B59C62BB988C500065CD7 /* Animations.swift in Sources */ = {isa = PBXBuildFile; fileRef = 633B59C02BB988C400065CD7 /* Animations.swift */; };
		633B59C72BB988C500065CD7 /* Colors.swift in Sources */ = {isa = PBXBuildFile; fileRef = 633B59C12BB988C500065CD7 /* Colors.swift */; };
		633B59C82BB988C500065CD7 /* GlobalProperties.swift in Sources */ = {isa = PBXBuildFile; fileRef = 633B59C22BB988C500065CD7 /* GlobalProperties.swift */; };
		633B59C92BB988C500065CD7 /* SharedData.swift in Sources */ = {isa = PBXBuildFile; fileRef = 633B59C32BB988C500065CD7 /* SharedData.swift */; };
		633B59CA2BB988C500065CD7 /* Styles.swift in Sources */ = {isa = PBXBuildFile; fileRef = 633B59C42BB988C500065CD7 /* Styles.swift */; };
		633B59CB2BB988C500065CD7 /* Modifiers.swift in Sources */ = {isa = PBXBuildFile; fileRef = 633B59C52BB988C500065CD7 /* Modifiers.swift */; };
		633B59D32BB9891500065CD7 /* Tap.swift in Sources */ = {isa = PBXBuildFile; fileRef = 633B59CE2BB9891400065CD7 /* Tap.swift */; };
		633B59D42BB9891500065CD7 /* Particle+Animations.swift in Sources */ = {isa = PBXBuildFile; fileRef = 633B59CF2BB9891500065CD7 /* Particle+Animations.swift */; };
		633B59D52BB9891500065CD7 /* Particle.swift in Sources */ = {isa = PBXBuildFile; fileRef = 633B59D02BB9891500065CD7 /* Particle.swift */; };
		633B59D62BB9891500065CD7 /* Pulse.swift in Sources */ = {isa = PBXBuildFile; fileRef = 633B59D12BB9891500065CD7 /* Pulse.swift */; };
		633B59D72BB9891500065CD7 /* Beat.swift in Sources */ = {isa = PBXBuildFile; fileRef = 633B59D22BB9891500065CD7 /* Beat.swift */; };
		633B59DA2BB9893900065CD7 /* BeatsParticleSystem.swift in Sources */ = {isa = PBXBuildFile; fileRef = 633B59D82BB9893900065CD7 /* BeatsParticleSystem.swift */; };
		633B59DB2BB9893900065CD7 /* TouchPaticleSystem.swift in Sources */ = {isa = PBXBuildFile; fileRef = 633B59D92BB9893900065CD7 /* TouchPaticleSystem.swift */; };
		633B59DD2BB9899700065CD7 /* ViewIdentifiers.swift in Sources */ = {isa = PBXBuildFile; fileRef = 633B59DC2BB9899700065CD7 /* ViewIdentifiers.swift */; };
		633B59DF2BB989A100065CD7 /* ViewIdentifiers.swift in Sources */ = {isa = PBXBuildFile; fileRef = 633B59DC2BB9899700065CD7 /* ViewIdentifiers.swift */; };
		633B59E12BB989E100065CD7 /* CirclePicker.swift in Sources */ = {isa = PBXBuildFile; fileRef = 633B59E02BB989E100065CD7 /* CirclePicker.swift */; };
/* End PBXBuildFile section */

/* Begin PBXContainerItemProxy section */
		633B59162BB9810100065CD7 /* PBXContainerItemProxy */ = {
			isa = PBXContainerItemProxy;
			containerPortal = 633B58FD2BB980FD00065CD7 /* Project object */;
			proxyType = 1;
			remoteGlobalIDString = 633B59042BB980FD00065CD7;
			remoteInfo = "Raw Beat";
		};
		633B59202BB9810100065CD7 /* PBXContainerItemProxy */ = {
			isa = PBXContainerItemProxy;
			containerPortal = 633B58FD2BB980FD00065CD7 /* Project object */;
			proxyType = 1;
			remoteGlobalIDString = 633B59042BB980FD00065CD7;
			remoteInfo = "Raw Beat";
		};
/* End PBXContainerItemProxy section */

/* Begin PBXFileReference section */
		633B59052BB980FD00065CD7 /* Raw Beat.app */ = {isa = PBXFileReference; explicitFileType = wrapper.application; includeInIndex = 0; path = "Raw Beat.app"; sourceTree = BUILT_PRODUCTS_DIR; };
		633B59082BB980FD00065CD7 /* Raw_BeatApp.swift */ = {isa = PBXFileReference; lastKnownFileType = sourcecode.swift; path = Raw_BeatApp.swift; sourceTree = "<group>"; };
		633B590A2BB980FD00065CD7 /* ContentView.swift */ = {isa = PBXFileReference; lastKnownFileType = sourcecode.swift; path = ContentView.swift; sourceTree = "<group>"; };
		633B590C2BB9810000065CD7 /* Assets.xcassets */ = {isa = PBXFileReference; lastKnownFileType = folder.assetcatalog; path = Assets.xcassets; sourceTree = "<group>"; };
		633B590F2BB9810000065CD7 /* Preview Assets.xcassets */ = {isa = PBXFileReference; lastKnownFileType = folder.assetcatalog; path = "Preview Assets.xcassets"; sourceTree = "<group>"; };
		633B59152BB9810100065CD7 /* Raw BeatTests.xctest */ = {isa = PBXFileReference; explicitFileType = wrapper.cfbundle; includeInIndex = 0; path = "Raw BeatTests.xctest"; sourceTree = BUILT_PRODUCTS_DIR; };
		633B59192BB9810100065CD7 /* Raw_BeatTests.swift */ = {isa = PBXFileReference; lastKnownFileType = sourcecode.swift; path = Raw_BeatTests.swift; sourceTree = "<group>"; };
		633B591F2BB9810100065CD7 /* Raw BeatUITests.xctest */ = {isa = PBXFileReference; explicitFileType = wrapper.cfbundle; includeInIndex = 0; path = "Raw BeatUITests.xctest"; sourceTree = BUILT_PRODUCTS_DIR; };
		633B59232BB9810100065CD7 /* Raw_BeatUITests.swift */ = {isa = PBXFileReference; lastKnownFileType = sourcecode.swift; path = Raw_BeatUITests.swift; sourceTree = "<group>"; };
		633B59252BB9810100065CD7 /* Raw_BeatUITestsLaunchTests.swift */ = {isa = PBXFileReference; lastKnownFileType = sourcecode.swift; path = Raw_BeatUITestsLaunchTests.swift; sourceTree = "<group>"; };
		633B59812BB984EE00065CD7 /* Raw-Beat-Info.plist */ = {isa = PBXFileReference; lastKnownFileType = text.plist; path = "Raw-Beat-Info.plist"; sourceTree = SOURCE_ROOT; };
		633B59832BB985A900065CD7 /* Sound.swift */ = {isa = PBXFileReference; fileEncoding = 4; lastKnownFileType = sourcecode.swift; path = Sound.swift; sourceTree = "<group>"; };
		633B59842BB985A900065CD7 /* MetronomeDelegate.swift */ = {isa = PBXFileReference; fileEncoding = 4; lastKnownFileType = sourcecode.swift; path = MetronomeDelegate.swift; sourceTree = "<group>"; };
		633B59852BB985A900065CD7 /* MetronomeError.swift */ = {isa = PBXFileReference; fileEncoding = 4; lastKnownFileType = sourcecode.swift; path = MetronomeError.swift; sourceTree = "<group>"; };
		633B59862BB985A900065CD7 /* TimeSignature.swift */ = {isa = PBXFileReference; fileEncoding = 4; lastKnownFileType = sourcecode.swift; path = TimeSignature.swift; sourceTree = "<group>"; };
		633B59872BB985AA00065CD7 /* Metronome.swift */ = {isa = PBXFileReference; fileEncoding = 4; lastKnownFileType = sourcecode.swift; path = Metronome.swift; sourceTree = "<group>"; };
		633B598E2BB9865800065CD7 /* kickDown.aif */ = {isa = PBXFileReference; lastKnownFileType = file; path = kickDown.aif; sourceTree = "<group>"; };
		633B598F2BB9865800065CD7 /* hihatUp.aif */ = {isa = PBXFileReference; lastKnownFileType = file; path = hihatUp.aif; sourceTree = "<group>"; };
		633B59902BB9865900065CD7 /* hihatDown.aif */ = {isa = PBXFileReference; lastKnownFileType = file; path = hihatDown.aif; sourceTree = "<group>"; };
		633B59912BB9865900065CD7 /* kickUp.aif */ = {isa = PBXFileReference; lastKnownFileType = file; path = kickUp.aif; sourceTree = "<group>"; };
		633B59922BB9865900065CD7 /* tickDown.aif */ = {isa = PBXFileReference; lastKnownFileType = file; path = tickDown.aif; sourceTree = "<group>"; };
		633B59932BB9865900065CD7 /* tickUp.aif */ = {isa = PBXFileReference; lastKnownFileType = file; path = tickUp.aif; sourceTree = "<group>"; };
		633B599A2BB9876900065CD7 /* HapticsPlayer.swift */ = {isa = PBXFileReference; fileEncoding = 4; lastKnownFileType = sourcecode.swift; path = HapticsPlayer.swift; sourceTree = "<group>"; };
		633B59A12BB9883700065CD7 /* CircleToggle.swift */ = {isa = PBXFileReference; fileEncoding = 4; lastKnownFileType = sourcecode.swift; path = CircleToggle.swift; sourceTree = "<group>"; };
		633B59A22BB9883700065CD7 /* PlayButton.swift */ = {isa = PBXFileReference; fileEncoding = 4; lastKnownFileType = sourcecode.swift; path = PlayButton.swift; sourceTree = "<group>"; };
		633B59A32BB9883800065CD7 /* SymbolContainer.swift */ = {isa = PBXFileReference; fileEncoding = 4; lastKnownFileType = sourcecode.swift; path = SymbolContainer.swift; sourceTree = "<group>"; };
		633B59A42BB9883800065CD7 /* CircleButton.swift */ = {isa = PBXFileReference; fileEncoding = 4; lastKnownFileType = sourcecode.swift; path = CircleButton.swift; sourceTree = "<group>"; };
		633B59A52BB9883800065CD7 /* ButtonBar.swift */ = {isa = PBXFileReference; fileEncoding = 4; lastKnownFileType = sourcecode.swift; path = ButtonBar.swift; sourceTree = "<group>"; };
		633B59A62BB9883800065CD7 /* ButtonBackground.swift */ = {isa = PBXFileReference; fileEncoding = 4; lastKnownFileType = sourcecode.swift; path = ButtonBackground.swift; sourceTree = "<group>"; };
		633B59AD2BB9886100065CD7 /* TempoMarking.swift */ = {isa = PBXFileReference; fileEncoding = 4; lastKnownFileType = sourcecode.swift; path = TempoMarking.swift; sourceTree = "<group>"; };
		633B59AE2BB9886200065CD7 /* TempoField.swift */ = {isa = PBXFileReference; fileEncoding = 4; lastKnownFileType = sourcecode.swift; path = TempoField.swift; sourceTree = "<group>"; };
		633B59AF2BB9886200065CD7 /* TempoScroll.swift */ = {isa = PBXFileReference; fileEncoding = 4; lastKnownFileType = sourcecode.swift; path = TempoScroll.swift; sourceTree = "<group>"; };
		633B59B02BB9886200065CD7 /* TempoText.swift */ = {isa = PBXFileReference; fileEncoding = 4; lastKnownFileType = sourcecode.swift; path = TempoText.swift; sourceTree = "<group>"; };
		633B59B52BB9887900065CD7 /* ParticleView.swift */ = {isa = PBXFileReference; fileEncoding = 4; lastKnownFileType = sourcecode.swift; path = ParticleView.swift; sourceTree = "<group>"; };
		633B59B62BB9887A00065CD7 /* TouchVisualizer.swift */ = {isa = PBXFileReference; fileEncoding = 4; lastKnownFileType = sourcecode.swift; path = TouchVisualizer.swift; sourceTree = "<group>"; };
		633B59B72BB9887A00065CD7 /* BeatsVisualizer.swift */ = {isa = PBXFileReference; fileEncoding = 4; lastKnownFileType = sourcecode.swift; path = BeatsVisualizer.swift; sourceTree = "<group>"; };
		633B59BB2BB9889200065CD7 /* Hint.swift */ = {isa = PBXFileReference; fileEncoding = 4; lastKnownFileType = sourcecode.swift; path = Hint.swift; sourceTree = "<group>"; };
		633B59BC2BB9889200065CD7 /* ErrorMessage.swift */ = {isa = PBXFileReference; fileEncoding = 4; lastKnownFileType = sourcecode.swift; path = ErrorMessage.swift; sourceTree = "<group>"; };
		633B59C02BB988C400065CD7 /* Animations.swift */ = {isa = PBXFileReference; fileEncoding = 4; lastKnownFileType = sourcecode.swift; path = Animations.swift; sourceTree = "<group>"; };
		633B59C12BB988C500065CD7 /* Colors.swift */ = {isa = PBXFileReference; fileEncoding = 4; lastKnownFileType = sourcecode.swift; path = Colors.swift; sourceTree = "<group>"; };
		633B59C22BB988C500065CD7 /* GlobalProperties.swift */ = {isa = PBXFileReference; fileEncoding = 4; lastKnownFileType = sourcecode.swift; path = GlobalProperties.swift; sourceTree = "<group>"; };
		633B59C32BB988C500065CD7 /* SharedData.swift */ = {isa = PBXFileReference; fileEncoding = 4; lastKnownFileType = sourcecode.swift; path = SharedData.swift; sourceTree = "<group>"; };
		633B59C42BB988C500065CD7 /* Styles.swift */ = {isa = PBXFileReference; fileEncoding = 4; lastKnownFileType = sourcecode.swift; path = Styles.swift; sourceTree = "<group>"; };
		633B59C52BB988C500065CD7 /* Modifiers.swift */ = {isa = PBXFileReference; fileEncoding = 4; lastKnownFileType = sourcecode.swift; path = Modifiers.swift; sourceTree = "<group>"; };
		633B59CE2BB9891400065CD7 /* Tap.swift */ = {isa = PBXFileReference; fileEncoding = 4; lastKnownFileType = sourcecode.swift; path = Tap.swift; sourceTree = "<group>"; };
		633B59CF2BB9891500065CD7 /* Particle+Animations.swift */ = {isa = PBXFileReference; fileEncoding = 4; lastKnownFileType = sourcecode.swift; path = "Particle+Animations.swift"; sourceTree = "<group>"; };
		633B59D02BB9891500065CD7 /* Particle.swift */ = {isa = PBXFileReference; fileEncoding = 4; lastKnownFileType = sourcecode.swift; path = Particle.swift; sourceTree = "<group>"; };
		633B59D12BB9891500065CD7 /* Pulse.swift */ = {isa = PBXFileReference; fileEncoding = 4; lastKnownFileType = sourcecode.swift; path = Pulse.swift; sourceTree = "<group>"; };
		633B59D22BB9891500065CD7 /* Beat.swift */ = {isa = PBXFileReference; fileEncoding = 4; lastKnownFileType = sourcecode.swift; path = Beat.swift; sourceTree = "<group>"; };
		633B59D82BB9893900065CD7 /* BeatsParticleSystem.swift */ = {isa = PBXFileReference; fileEncoding = 4; lastKnownFileType = sourcecode.swift; path = BeatsParticleSystem.swift; sourceTree = "<group>"; };
		633B59D92BB9893900065CD7 /* TouchPaticleSystem.swift */ = {isa = PBXFileReference; fileEncoding = 4; lastKnownFileType = sourcecode.swift; path = TouchPaticleSystem.swift; sourceTree = "<group>"; };
		633B59DC2BB9899700065CD7 /* ViewIdentifiers.swift */ = {isa = PBXFileReference; fileEncoding = 4; lastKnownFileType = sourcecode.swift; path = ViewIdentifiers.swift; sourceTree = "<group>"; };
		633B59E02BB989E100065CD7 /* CirclePicker.swift */ = {isa = PBXFileReference; fileEncoding = 4; lastKnownFileType = sourcecode.swift; path = CirclePicker.swift; sourceTree = "<group>"; };
/* End PBXFileReference section */

/* Begin PBXFrameworksBuildPhase section */
		633B59022BB980FD00065CD7 /* Frameworks */ = {
			isa = PBXFrameworksBuildPhase;
			buildActionMask = 2147483647;
			files = (
			);
			runOnlyForDeploymentPostprocessing = 0;
		};
		633B59122BB9810100065CD7 /* Frameworks */ = {
			isa = PBXFrameworksBuildPhase;
			buildActionMask = 2147483647;
			files = (
			);
			runOnlyForDeploymentPostprocessing = 0;
		};
		633B591C2BB9810100065CD7 /* Frameworks */ = {
			isa = PBXFrameworksBuildPhase;
			buildActionMask = 2147483647;
			files = (
			);
			runOnlyForDeploymentPostprocessing = 0;
		};
/* End PBXFrameworksBuildPhase section */

/* Begin PBXGroup section */
		633B58FC2BB980FD00065CD7 = {
			isa = PBXGroup;
			children = (
				633B59DC2BB9899700065CD7 /* ViewIdentifiers.swift */,
				633B59072BB980FD00065CD7 /* Raw Beat */,
				633B59182BB9810100065CD7 /* Raw BeatTests */,
				633B59222BB9810100065CD7 /* Raw BeatUITests */,
				633B59062BB980FD00065CD7 /* Products */,
			);
			sourceTree = "<group>";
		};
		633B59062BB980FD00065CD7 /* Products */ = {
			isa = PBXGroup;
			children = (
				633B59052BB980FD00065CD7 /* Raw Beat.app */,
				633B59152BB9810100065CD7 /* Raw BeatTests.xctest */,
				633B591F2BB9810100065CD7 /* Raw BeatUITests.xctest */,
			);
			name = Products;
			sourceTree = "<group>";
		};
		633B59072BB980FD00065CD7 /* Raw Beat */ = {
			isa = PBXGroup;
			children = (
				633B59812BB984EE00065CD7 /* Raw-Beat-Info.plist */,
				633B59082BB980FD00065CD7 /* Raw_BeatApp.swift */,
				633B590A2BB980FD00065CD7 /* ContentView.swift */,
				633B599A2BB9876900065CD7 /* HapticsPlayer.swift */,
				633B599C2BB9878300065CD7 /* Views */,
				633B59BF2BB988A300065CD7 /* Shared */,
				633B59822BB9855400065CD7 /* Metronome */,
				633B59CC2BB988D300065CD7 /* ParticleSystems */,
				633B598D2BB9863300065CD7 /* Sounds */,
				633B590C2BB9810000065CD7 /* Assets.xcassets */,
				633B590E2BB9810000065CD7 /* Preview Content */,
			);
			path = "Raw Beat";
			sourceTree = "<group>";
		};
		633B590E2BB9810000065CD7 /* Preview Content */ = {
			isa = PBXGroup;
			children = (
				633B590F2BB9810000065CD7 /* Preview Assets.xcassets */,
			);
			path = "Preview Content";
			sourceTree = "<group>";
		};
		633B59182BB9810100065CD7 /* Raw BeatTests */ = {
			isa = PBXGroup;
			children = (
				633B59192BB9810100065CD7 /* Raw_BeatTests.swift */,
			);
			path = "Raw BeatTests";
			sourceTree = "<group>";
		};
		633B59222BB9810100065CD7 /* Raw BeatUITests */ = {
			isa = PBXGroup;
			children = (
				633B59232BB9810100065CD7 /* Raw_BeatUITests.swift */,
				633B59252BB9810100065CD7 /* Raw_BeatUITestsLaunchTests.swift */,
			);
			path = "Raw BeatUITests";
			sourceTree = "<group>";
		};
		633B59822BB9855400065CD7 /* Metronome */ = {
			isa = PBXGroup;
			children = (
				633B59872BB985AA00065CD7 /* Metronome.swift */,
				633B59842BB985A900065CD7 /* MetronomeDelegate.swift */,
				633B59852BB985A900065CD7 /* MetronomeError.swift */,
				633B59832BB985A900065CD7 /* Sound.swift */,
				633B59862BB985A900065CD7 /* TimeSignature.swift */,
			);
			path = Metronome;
			sourceTree = "<group>";
		};
		633B598D2BB9863300065CD7 /* Sounds */ = {
			isa = PBXGroup;
			children = (
				633B59902BB9865900065CD7 /* hihatDown.aif */,
				633B598F2BB9865800065CD7 /* hihatUp.aif */,
				633B598E2BB9865800065CD7 /* kickDown.aif */,
				633B59912BB9865900065CD7 /* kickUp.aif */,
				633B59922BB9865900065CD7 /* tickDown.aif */,
				633B59932BB9865900065CD7 /* tickUp.aif */,
			);
			path = Sounds;
			sourceTree = "<group>";
		};
		633B599C2BB9878300065CD7 /* Views */ = {
			isa = PBXGroup;
			children = (
				633B599D2BB987A300065CD7 /* Buttons */,
				633B599F2BB987F000065CD7 /* Tempo */,
				633B599E2BB987DA00065CD7 /* Visualizers */,
				633B59A02BB987FF00065CD7 /* Misc */,
			);
			path = Views;
			sourceTree = "<group>";
		};
		633B599D2BB987A300065CD7 /* Buttons */ = {
			isa = PBXGroup;
			children = (
				633B59E02BB989E100065CD7 /* CirclePicker.swift */,
				633B59A62BB9883800065CD7 /* ButtonBackground.swift */,
				633B59A52BB9883800065CD7 /* ButtonBar.swift */,
				633B59A42BB9883800065CD7 /* CircleButton.swift */,
				633B59A12BB9883700065CD7 /* CircleToggle.swift */,
				633B59A22BB9883700065CD7 /* PlayButton.swift */,
				633B59A32BB9883800065CD7 /* SymbolContainer.swift */,
			);
			path = Buttons;
			sourceTree = "<group>";
		};
		633B599E2BB987DA00065CD7 /* Visualizers */ = {
			isa = PBXGroup;
			children = (
				633B59B72BB9887A00065CD7 /* BeatsVisualizer.swift */,
				633B59B52BB9887900065CD7 /* ParticleView.swift */,
				633B59B62BB9887A00065CD7 /* TouchVisualizer.swift */,
			);
			path = Visualizers;
			sourceTree = "<group>";
		};
		633B599F2BB987F000065CD7 /* Tempo */ = {
			isa = PBXGroup;
			children = (
				633B59AE2BB9886200065CD7 /* TempoField.swift */,
				633B59AD2BB9886100065CD7 /* TempoMarking.swift */,
				633B59AF2BB9886200065CD7 /* TempoScroll.swift */,
				633B59B02BB9886200065CD7 /* TempoText.swift */,
			);
			path = Tempo;
			sourceTree = "<group>";
		};
		633B59A02BB987FF00065CD7 /* Misc */ = {
			isa = PBXGroup;
			children = (
				633B59BC2BB9889200065CD7 /* ErrorMessage.swift */,
				633B59BB2BB9889200065CD7 /* Hint.swift */,
			);
			path = Misc;
			sourceTree = "<group>";
		};
		633B59BF2BB988A300065CD7 /* Shared */ = {
			isa = PBXGroup;
			children = (
				633B59C02BB988C400065CD7 /* Animations.swift */,
				633B59C12BB988C500065CD7 /* Colors.swift */,
				633B59C22BB988C500065CD7 /* GlobalProperties.swift */,
				633B59C52BB988C500065CD7 /* Modifiers.swift */,
				633B59C32BB988C500065CD7 /* SharedData.swift */,
				633B59C42BB988C500065CD7 /* Styles.swift */,
			);
			path = Shared;
			sourceTree = "<group>";
		};
		633B59CC2BB988D300065CD7 /* ParticleSystems */ = {
			isa = PBXGroup;
			children = (
				633B59D82BB9893900065CD7 /* BeatsParticleSystem.swift */,
				633B59D92BB9893900065CD7 /* TouchPaticleSystem.swift */,
				633B59CD2BB988E400065CD7 /* Particles */,
			);
			path = ParticleSystems;
			sourceTree = "<group>";
		};
		633B59CD2BB988E400065CD7 /* Particles */ = {
			isa = PBXGroup;
			children = (
				633B59D22BB9891500065CD7 /* Beat.swift */,
				633B59D02BB9891500065CD7 /* Particle.swift */,
				633B59CF2BB9891500065CD7 /* Particle+Animations.swift */,
				633B59D12BB9891500065CD7 /* Pulse.swift */,
				633B59CE2BB9891400065CD7 /* Tap.swift */,
			);
			path = Particles;
			sourceTree = "<group>";
		};
/* End PBXGroup section */

/* Begin PBXNativeTarget section */
		633B59042BB980FD00065CD7 /* Raw Beat */ = {
			isa = PBXNativeTarget;
			buildConfigurationList = 633B59292BB9810100065CD7 /* Build configuration list for PBXNativeTarget "Raw Beat" */;
			buildPhases = (
				633B59012BB980FD00065CD7 /* Sources */,
				633B59022BB980FD00065CD7 /* Frameworks */,
				633B59032BB980FD00065CD7 /* Resources */,
			);
			buildRules = (
			);
			dependencies = (
			);
			name = "Raw Beat";
			productName = "Raw Beat";
			productReference = 633B59052BB980FD00065CD7 /* Raw Beat.app */;
			productType = "com.apple.product-type.application";
		};
		633B59142BB9810100065CD7 /* Raw BeatTests */ = {
			isa = PBXNativeTarget;
			buildConfigurationList = 633B592C2BB9810100065CD7 /* Build configuration list for PBXNativeTarget "Raw BeatTests" */;
			buildPhases = (
				633B59112BB9810100065CD7 /* Sources */,
				633B59122BB9810100065CD7 /* Frameworks */,
				633B59132BB9810100065CD7 /* Resources */,
			);
			buildRules = (
			);
			dependencies = (
				633B59172BB9810100065CD7 /* PBXTargetDependency */,
			);
			name = "Raw BeatTests";
			productName = "Raw BeatTests";
			productReference = 633B59152BB9810100065CD7 /* Raw BeatTests.xctest */;
			productType = "com.apple.product-type.bundle.unit-test";
		};
		633B591E2BB9810100065CD7 /* Raw BeatUITests */ = {
			isa = PBXNativeTarget;
			buildConfigurationList = 633B592F2BB9810100065CD7 /* Build configuration list for PBXNativeTarget "Raw BeatUITests" */;
			buildPhases = (
				633B591B2BB9810100065CD7 /* Sources */,
				633B591C2BB9810100065CD7 /* Frameworks */,
				633B591D2BB9810100065CD7 /* Resources */,
			);
			buildRules = (
			);
			dependencies = (
				633B59212BB9810100065CD7 /* PBXTargetDependency */,
			);
			name = "Raw BeatUITests";
			productName = "Raw BeatUITests";
			productReference = 633B591F2BB9810100065CD7 /* Raw BeatUITests.xctest */;
			productType = "com.apple.product-type.bundle.ui-testing";
		};
/* End PBXNativeTarget section */

/* Begin PBXProject section */
		633B58FD2BB980FD00065CD7 /* Project object */ = {
			isa = PBXProject;
			attributes = {
				BuildIndependentTargetsInParallel = 1;
				LastSwiftUpdateCheck = 1500;
				LastUpgradeCheck = 1500;
				TargetAttributes = {
					633B59042BB980FD00065CD7 = {
						CreatedOnToolsVersion = 15.0.1;
					};
					633B59142BB9810100065CD7 = {
						CreatedOnToolsVersion = 15.0.1;
						TestTargetID = 633B59042BB980FD00065CD7;
					};
					633B591E2BB9810100065CD7 = {
						CreatedOnToolsVersion = 15.0.1;
						TestTargetID = 633B59042BB980FD00065CD7;
					};
				};
			};
			buildConfigurationList = 633B59002BB980FD00065CD7 /* Build configuration list for PBXProject "Raw Beat" */;
			compatibilityVersion = "Xcode 14.0";
			developmentRegion = en;
			hasScannedForEncodings = 0;
			knownRegions = (
				en,
				Base,
			);
			mainGroup = 633B58FC2BB980FD00065CD7;
			productRefGroup = 633B59062BB980FD00065CD7 /* Products */;
			projectDirPath = "";
			projectRoot = "";
			targets = (
				633B59042BB980FD00065CD7 /* Raw Beat */,
				633B59142BB9810100065CD7 /* Raw BeatTests */,
				633B591E2BB9810100065CD7 /* Raw BeatUITests */,
			);
		};
/* End PBXProject section */

/* Begin PBXResourcesBuildPhase section */
		633B59032BB980FD00065CD7 /* Resources */ = {
			isa = PBXResourcesBuildPhase;
			buildActionMask = 2147483647;
			files = (
				633B59992BB9865900065CD7 /* tickUp.aif in Resources */,
				633B59982BB9865900065CD7 /* tickDown.aif in Resources */,
				633B59952BB9865900065CD7 /* hihatUp.aif in Resources */,
				633B59962BB9865900065CD7 /* hihatDown.aif in Resources */,
				633B59102BB9810000065CD7 /* Preview Assets.xcassets in Resources */,
				633B590D2BB9810000065CD7 /* Assets.xcassets in Resources */,
				633B59942BB9865900065CD7 /* kickDown.aif in Resources */,
				633B59972BB9865900065CD7 /* kickUp.aif in Resources */,
			);
			runOnlyForDeploymentPostprocessing = 0;
		};
		633B59132BB9810100065CD7 /* Resources */ = {
			isa = PBXResourcesBuildPhase;
			buildActionMask = 2147483647;
			files = (
			);
			runOnlyForDeploymentPostprocessing = 0;
		};
		633B591D2BB9810100065CD7 /* Resources */ = {
			isa = PBXResourcesBuildPhase;
			buildActionMask = 2147483647;
			files = (
			);
			runOnlyForDeploymentPostprocessing = 0;
		};
/* End PBXResourcesBuildPhase section */

/* Begin PBXSourcesBuildPhase section */
		633B59012BB980FD00065CD7 /* Sources */ = {
			isa = PBXSourcesBuildPhase;
			buildActionMask = 2147483647;
			files = (
				633B590B2BB980FD00065CD7 /* ContentView.swift in Sources */,
				633B59A82BB9883800065CD7 /* PlayButton.swift in Sources */,
				633B59882BB985AA00065CD7 /* Sound.swift in Sources */,
				633B59AA2BB9883800065CD7 /* CircleButton.swift in Sources */,
				633B59B22BB9886200065CD7 /* TempoField.swift in Sources */,
				633B59B92BB9887A00065CD7 /* TouchVisualizer.swift in Sources */,
				633B59D62BB9891500065CD7 /* Pulse.swift in Sources */,
				633B59C72BB988C500065CD7 /* Colors.swift in Sources */,
				633B59B12BB9886200065CD7 /* TempoMarking.swift in Sources */,
				633B59D42BB9891500065CD7 /* Particle+Animations.swift in Sources */,
				633B59CB2BB988C500065CD7 /* Modifiers.swift in Sources */,
				633B59AB2BB9883800065CD7 /* ButtonBar.swift in Sources */,
				633B59AC2BB9883800065CD7 /* ButtonBackground.swift in Sources */,
				633B59DB2BB9893900065CD7 /* TouchPaticleSystem.swift in Sources */,
				633B598A2BB985AA00065CD7 /* MetronomeError.swift in Sources */,
				633B59BE2BB9889200065CD7 /* ErrorMessage.swift in Sources */,
				633B598C2BB985AA00065CD7 /* Metronome.swift in Sources */,
				633B59A92BB9883800065CD7 /* SymbolContainer.swift in Sources */,
				633B59A72BB9883800065CD7 /* CircleToggle.swift in Sources */,
				633B59CA2BB988C500065CD7 /* Styles.swift in Sources */,
				633B59C62BB988C500065CD7 /* Animations.swift in Sources */,
				633B59B42BB9886200065CD7 /* TempoText.swift in Sources */,
				633B59092BB980FD00065CD7 /* Raw_BeatApp.swift in Sources */,
				633B59C92BB988C500065CD7 /* SharedData.swift in Sources */,
				633B59892BB985AA00065CD7 /* MetronomeDelegate.swift in Sources */,
				633B59E12BB989E100065CD7 /* CirclePicker.swift in Sources */,
				633B59B82BB9887A00065CD7 /* ParticleView.swift in Sources */,
				633B59D72BB9891500065CD7 /* Beat.swift in Sources */,
				633B598B2BB985AA00065CD7 /* TimeSignature.swift in Sources */,
				633B599B2BB9876900065CD7 /* HapticsPlayer.swift in Sources */,
				633B59DA2BB9893900065CD7 /* BeatsParticleSystem.swift in Sources */,
				633B59B32BB9886200065CD7 /* TempoScroll.swift in Sources */,
				633B59BD2BB9889200065CD7 /* Hint.swift in Sources */,
				633B59D32BB9891500065CD7 /* Tap.swift in Sources */,
				633B59D52BB9891500065CD7 /* Particle.swift in Sources */,
				633B59DD2BB9899700065CD7 /* ViewIdentifiers.swift in Sources */,
				633B59BA2BB9887A00065CD7 /* BeatsVisualizer.swift in Sources */,
				633B59C82BB988C500065CD7 /* GlobalProperties.swift in Sources */,
			);
			runOnlyForDeploymentPostprocessing = 0;
		};
		633B59112BB9810100065CD7 /* Sources */ = {
			isa = PBXSourcesBuildPhase;
			buildActionMask = 2147483647;
			files = (
				633B591A2BB9810100065CD7 /* Raw_BeatTests.swift in Sources */,
			);
			runOnlyForDeploymentPostprocessing = 0;
		};
		633B591B2BB9810100065CD7 /* Sources */ = {
			isa = PBXSourcesBuildPhase;
			buildActionMask = 2147483647;
			files = (
				633B59262BB9810100065CD7 /* Raw_BeatUITestsLaunchTests.swift in Sources */,
				633B59DF2BB989A100065CD7 /* ViewIdentifiers.swift in Sources */,
				633B59242BB9810100065CD7 /* Raw_BeatUITests.swift in Sources */,
			);
			runOnlyForDeploymentPostprocessing = 0;
		};
/* End PBXSourcesBuildPhase section */

/* Begin PBXTargetDependency section */
		633B59172BB9810100065CD7 /* PBXTargetDependency */ = {
			isa = PBXTargetDependency;
			target = 633B59042BB980FD00065CD7 /* Raw Beat */;
			targetProxy = 633B59162BB9810100065CD7 /* PBXContainerItemProxy */;
		};
		633B59212BB9810100065CD7 /* PBXTargetDependency */ = {
			isa = PBXTargetDependency;
			target = 633B59042BB980FD00065CD7 /* Raw Beat */;
			targetProxy = 633B59202BB9810100065CD7 /* PBXContainerItemProxy */;
		};
/* End PBXTargetDependency section */

/* Begin XCBuildConfiguration section */
		633B59272BB9810100065CD7 /* Debug */ = {
			isa = XCBuildConfiguration;
			buildSettings = {
				ALWAYS_SEARCH_USER_PATHS = NO;
				ASSETCATALOG_COMPILER_GENERATE_SWIFT_ASSET_SYMBOL_EXTENSIONS = YES;
				CLANG_ANALYZER_NONNULL = YES;
				CLANG_ANALYZER_NUMBER_OBJECT_CONVERSION = YES_AGGRESSIVE;
				CLANG_CXX_LANGUAGE_STANDARD = "gnu++20";
				CLANG_ENABLE_MODULES = YES;
				CLANG_ENABLE_OBJC_ARC = YES;
				CLANG_ENABLE_OBJC_WEAK = YES;
				CLANG_WARN_BLOCK_CAPTURE_AUTORELEASING = YES;
				CLANG_WARN_BOOL_CONVERSION = YES;
				CLANG_WARN_COMMA = YES;
				CLANG_WARN_CONSTANT_CONVERSION = YES;
				CLANG_WARN_DEPRECATED_OBJC_IMPLEMENTATIONS = YES;
				CLANG_WARN_DIRECT_OBJC_ISA_USAGE = YES_ERROR;
				CLANG_WARN_DOCUMENTATION_COMMENTS = YES;
				CLANG_WARN_EMPTY_BODY = YES;
				CLANG_WARN_ENUM_CONVERSION = YES;
				CLANG_WARN_INFINITE_RECURSION = YES;
				CLANG_WARN_INT_CONVERSION = YES;
				CLANG_WARN_NON_LITERAL_NULL_CONVERSION = YES;
				CLANG_WARN_OBJC_IMPLICIT_RETAIN_SELF = YES;
				CLANG_WARN_OBJC_LITERAL_CONVERSION = YES;
				CLANG_WARN_OBJC_ROOT_CLASS = YES_ERROR;
				CLANG_WARN_QUOTED_INCLUDE_IN_FRAMEWORK_HEADER = YES;
				CLANG_WARN_RANGE_LOOP_ANALYSIS = YES;
				CLANG_WARN_STRICT_PROTOTYPES = YES;
				CLANG_WARN_SUSPICIOUS_MOVE = YES;
				CLANG_WARN_UNGUARDED_AVAILABILITY = YES_AGGRESSIVE;
				CLANG_WARN_UNREACHABLE_CODE = YES;
				CLANG_WARN__DUPLICATE_METHOD_MATCH = YES;
				COPY_PHASE_STRIP = NO;
				DEBUG_INFORMATION_FORMAT = dwarf;
				ENABLE_STRICT_OBJC_MSGSEND = YES;
				ENABLE_TESTABILITY = YES;
				ENABLE_USER_SCRIPT_SANDBOXING = YES;
				GCC_C_LANGUAGE_STANDARD = gnu17;
				GCC_DYNAMIC_NO_PIC = NO;
				GCC_NO_COMMON_BLOCKS = YES;
				GCC_OPTIMIZATION_LEVEL = 0;
				GCC_PREPROCESSOR_DEFINITIONS = (
					"DEBUG=1",
					"$(inherited)",
				);
				GCC_WARN_64_TO_32_BIT_CONVERSION = YES;
				GCC_WARN_ABOUT_RETURN_TYPE = YES_ERROR;
				GCC_WARN_UNDECLARED_SELECTOR = YES;
				GCC_WARN_UNINITIALIZED_AUTOS = YES_AGGRESSIVE;
				GCC_WARN_UNUSED_FUNCTION = YES;
				GCC_WARN_UNUSED_VARIABLE = YES;
				IPHONEOS_DEPLOYMENT_TARGET = 17.0;
				LOCALIZATION_PREFERS_STRING_CATALOGS = YES;
				MTL_ENABLE_DEBUG_INFO = INCLUDE_SOURCE;
				MTL_FAST_MATH = YES;
				ONLY_ACTIVE_ARCH = YES;
				SDKROOT = iphoneos;
				SWIFT_ACTIVE_COMPILATION_CONDITIONS = "DEBUG $(inherited)";
				SWIFT_OPTIMIZATION_LEVEL = "-Onone";
			};
			name = Debug;
		};
		633B59282BB9810100065CD7 /* Release */ = {
			isa = XCBuildConfiguration;
			buildSettings = {
				ALWAYS_SEARCH_USER_PATHS = NO;
				ASSETCATALOG_COMPILER_GENERATE_SWIFT_ASSET_SYMBOL_EXTENSIONS = YES;
				CLANG_ANALYZER_NONNULL = YES;
				CLANG_ANALYZER_NUMBER_OBJECT_CONVERSION = YES_AGGRESSIVE;
				CLANG_CXX_LANGUAGE_STANDARD = "gnu++20";
				CLANG_ENABLE_MODULES = YES;
				CLANG_ENABLE_OBJC_ARC = YES;
				CLANG_ENABLE_OBJC_WEAK = YES;
				CLANG_WARN_BLOCK_CAPTURE_AUTORELEASING = YES;
				CLANG_WARN_BOOL_CONVERSION = YES;
				CLANG_WARN_COMMA = YES;
				CLANG_WARN_CONSTANT_CONVERSION = YES;
				CLANG_WARN_DEPRECATED_OBJC_IMPLEMENTATIONS = YES;
				CLANG_WARN_DIRECT_OBJC_ISA_USAGE = YES_ERROR;
				CLANG_WARN_DOCUMENTATION_COMMENTS = YES;
				CLANG_WARN_EMPTY_BODY = YES;
				CLANG_WARN_ENUM_CONVERSION = YES;
				CLANG_WARN_INFINITE_RECURSION = YES;
				CLANG_WARN_INT_CONVERSION = YES;
				CLANG_WARN_NON_LITERAL_NULL_CONVERSION = YES;
				CLANG_WARN_OBJC_IMPLICIT_RETAIN_SELF = YES;
				CLANG_WARN_OBJC_LITERAL_CONVERSION = YES;
				CLANG_WARN_OBJC_ROOT_CLASS = YES_ERROR;
				CLANG_WARN_QUOTED_INCLUDE_IN_FRAMEWORK_HEADER = YES;
				CLANG_WARN_RANGE_LOOP_ANALYSIS = YES;
				CLANG_WARN_STRICT_PROTOTYPES = YES;
				CLANG_WARN_SUSPICIOUS_MOVE = YES;
				CLANG_WARN_UNGUARDED_AVAILABILITY = YES_AGGRESSIVE;
				CLANG_WARN_UNREACHABLE_CODE = YES;
				CLANG_WARN__DUPLICATE_METHOD_MATCH = YES;
				COPY_PHASE_STRIP = NO;
				DEBUG_INFORMATION_FORMAT = "dwarf-with-dsym";
				ENABLE_NS_ASSERTIONS = NO;
				ENABLE_STRICT_OBJC_MSGSEND = YES;
				ENABLE_USER_SCRIPT_SANDBOXING = YES;
				GCC_C_LANGUAGE_STANDARD = gnu17;
				GCC_NO_COMMON_BLOCKS = YES;
				GCC_WARN_64_TO_32_BIT_CONVERSION = YES;
				GCC_WARN_ABOUT_RETURN_TYPE = YES_ERROR;
				GCC_WARN_UNDECLARED_SELECTOR = YES;
				GCC_WARN_UNINITIALIZED_AUTOS = YES_AGGRESSIVE;
				GCC_WARN_UNUSED_FUNCTION = YES;
				GCC_WARN_UNUSED_VARIABLE = YES;
				IPHONEOS_DEPLOYMENT_TARGET = 17.0;
				LOCALIZATION_PREFERS_STRING_CATALOGS = YES;
				MTL_ENABLE_DEBUG_INFO = NO;
				MTL_FAST_MATH = YES;
				SDKROOT = iphoneos;
				SWIFT_COMPILATION_MODE = wholemodule;
				VALIDATE_PRODUCT = YES;
			};
			name = Release;
		};
		633B592A2BB9810100065CD7 /* Debug */ = {
			isa = XCBuildConfiguration;
			buildSettings = {
				ASSETCATALOG_COMPILER_APPICON_NAME = AppIcon;
				ASSETCATALOG_COMPILER_GLOBAL_ACCENT_COLOR_NAME = AccentColor;
				CODE_SIGN_STYLE = Automatic;
				CURRENT_PROJECT_VERSION = 1;
				DEVELOPMENT_ASSET_PATHS = "\"Raw Beat/Preview Content\"";
				DEVELOPMENT_TEAM = 3848NBBLP6;
				ENABLE_PREVIEWS = YES;
				GENERATE_INFOPLIST_FILE = YES;
				INFOPLIST_FILE = "Raw-Beat-Info.plist";
				INFOPLIST_KEY_CFBundleDisplayName = "Raw Beat";
				INFOPLIST_KEY_LSApplicationCategoryType = "public.app-category.music";
				INFOPLIST_KEY_UIApplicationSceneManifest_Generation = YES;
				INFOPLIST_KEY_UIApplicationSupportsIndirectInputEvents = YES;
				INFOPLIST_KEY_UILaunchScreen_Generation = YES;
				INFOPLIST_KEY_UIRequiresFullScreen = YES;
				INFOPLIST_KEY_UISupportedInterfaceOrientations = UIInterfaceOrientationPortrait;
				INFOPLIST_KEY_UISupportedInterfaceOrientations_iPad = "UIInterfaceOrientationPortrait UIInterfaceOrientationPortraitUpsideDown";
				LD_RUNPATH_SEARCH_PATHS = (
					"$(inherited)",
					"@executable_path/Frameworks",
				);
				MARKETING_VERSION = 1.0;
				PRODUCT_BUNDLE_IDENTIFIER = "example.com.Raw-Beat";
				PRODUCT_NAME = "$(TARGET_NAME)";
				SWIFT_EMIT_LOC_STRINGS = YES;
				SWIFT_VERSION = 5.0;
				TARGETED_DEVICE_FAMILY = "1,2";
			};
			name = Debug;
		};
		633B592B2BB9810100065CD7 /* Release */ = {
			isa = XCBuildConfiguration;
			buildSettings = {
				ASSETCATALOG_COMPILER_APPICON_NAME = AppIcon;
				ASSETCATALOG_COMPILER_GLOBAL_ACCENT_COLOR_NAME = AccentColor;
				CODE_SIGN_STYLE = Automatic;
				CURRENT_PROJECT_VERSION = 1;
				DEVELOPMENT_ASSET_PATHS = "\"Raw Beat/Preview Content\"";
				DEVELOPMENT_TEAM = 3848NBBLP6;
				ENABLE_PREVIEWS = YES;
				GENERATE_INFOPLIST_FILE = YES;
				INFOPLIST_FILE = "Raw-Beat-Info.plist";
				INFOPLIST_KEY_CFBundleDisplayName = "Raw Beat";
				INFOPLIST_KEY_LSApplicationCategoryType = "public.app-category.music";
				INFOPLIST_KEY_UIApplicationSceneManifest_Generation = YES;
				INFOPLIST_KEY_UIApplicationSupportsIndirectInputEvents = YES;
				INFOPLIST_KEY_UILaunchScreen_Generation = YES;
				INFOPLIST_KEY_UIRequiresFullScreen = YES;
				INFOPLIST_KEY_UISupportedInterfaceOrientations = UIInterfaceOrientationPortrait;
				INFOPLIST_KEY_UISupportedInterfaceOrientations_iPad = "UIInterfaceOrientationPortrait UIInterfaceOrientationPortraitUpsideDown";
				LD_RUNPATH_SEARCH_PATHS = (
					"$(inherited)",
					"@executable_path/Frameworks",
				);
				MARKETING_VERSION = 1.0;
				PRODUCT_BUNDLE_IDENTIFIER = "example.com.Raw-Beat";
				PRODUCT_NAME = "$(TARGET_NAME)";
				SWIFT_EMIT_LOC_STRINGS = YES;
				SWIFT_VERSION = 5.0;
				TARGETED_DEVICE_FAMILY = "1,2";
			};
			name = Release;
		};
		633B592D2BB9810100065CD7 /* Debug */ = {
			isa = XCBuildConfiguration;
			buildSettings = {
				ALWAYS_EMBED_SWIFT_STANDARD_LIBRARIES = YES;
				BUNDLE_LOADER = "$(TEST_HOST)";
				CODE_SIGN_STYLE = Automatic;
				CURRENT_PROJECT_VERSION = 1;
				DEVELOPMENT_TEAM = 3848NBBLP6;
				GENERATE_INFOPLIST_FILE = YES;
				IPHONEOS_DEPLOYMENT_TARGET = 17.0;
				MARKETING_VERSION = 1.0;
				PRODUCT_BUNDLE_IDENTIFIER = "example.com.Raw-BeatTests";
				PRODUCT_NAME = "$(TARGET_NAME)";
				SWIFT_EMIT_LOC_STRINGS = NO;
				SWIFT_VERSION = 5.0;
				TARGETED_DEVICE_FAMILY = "1,2";
				TEST_HOST = "$(BUILT_PRODUCTS_DIR)/Raw Beat.app/$(BUNDLE_EXECUTABLE_FOLDER_PATH)/Raw Beat";
			};
			name = Debug;
		};
		633B592E2BB9810100065CD7 /* Release */ = {
			isa = XCBuildConfiguration;
			buildSettings = {
				ALWAYS_EMBED_SWIFT_STANDARD_LIBRARIES = YES;
				BUNDLE_LOADER = "$(TEST_HOST)";
				CODE_SIGN_STYLE = Automatic;
				CURRENT_PROJECT_VERSION = 1;
				DEVELOPMENT_TEAM = 3848NBBLP6;
				GENERATE_INFOPLIST_FILE = YES;
				IPHONEOS_DEPLOYMENT_TARGET = 17.0;
				MARKETING_VERSION = 1.0;
				PRODUCT_BUNDLE_IDENTIFIER = "example.com.Raw-BeatTests";
				PRODUCT_NAME = "$(TARGET_NAME)";
				SWIFT_EMIT_LOC_STRINGS = NO;
				SWIFT_VERSION = 5.0;
				TARGETED_DEVICE_FAMILY = "1,2";
				TEST_HOST = "$(BUILT_PRODUCTS_DIR)/Raw Beat.app/$(BUNDLE_EXECUTABLE_FOLDER_PATH)/Raw Beat";
			};
			name = Release;
		};
		633B59302BB9810100065CD7 /* Debug */ = {
			isa = XCBuildConfiguration;
			buildSettings = {
				ALWAYS_EMBED_SWIFT_STANDARD_LIBRARIES = YES;
				CODE_SIGN_STYLE = Automatic;
				CURRENT_PROJECT_VERSION = 1;
				DEVELOPMENT_TEAM = 3848NBBLP6;
				GENERATE_INFOPLIST_FILE = YES;
				MARKETING_VERSION = 1.0;
				PRODUCT_BUNDLE_IDENTIFIER = "example.com.Raw-BeatUITests";
				PRODUCT_NAME = "$(TARGET_NAME)";
				SWIFT_EMIT_LOC_STRINGS = NO;
				SWIFT_VERSION = 5.0;
				TARGETED_DEVICE_FAMILY = "1,2";
				TEST_TARGET_NAME = "Raw Beat";
			};
			name = Debug;
		};
		633B59312BB9810100065CD7 /* Release */ = {
			isa = XCBuildConfiguration;
			buildSettings = {
				ALWAYS_EMBED_SWIFT_STANDARD_LIBRARIES = YES;
				CODE_SIGN_STYLE = Automatic;
				CURRENT_PROJECT_VERSION = 1;
				DEVELOPMENT_TEAM = 3848NBBLP6;
				GENERATE_INFOPLIST_FILE = YES;
				MARKETING_VERSION = 1.0;
				PRODUCT_BUNDLE_IDENTIFIER = "example.com.Raw-BeatUITests";
				PRODUCT_NAME = "$(TARGET_NAME)";
				SWIFT_EMIT_LOC_STRINGS = NO;
				SWIFT_VERSION = 5.0;
				TARGETED_DEVICE_FAMILY = "1,2";
				TEST_TARGET_NAME = "Raw Beat";
			};
			name = Release;
		};
/* End XCBuildConfiguration section */

/* Begin XCConfigurationList section */
		633B59002BB980FD00065CD7 /* Build configuration list for PBXProject "Raw Beat" */ = {
			isa = XCConfigurationList;
			buildConfigurations = (
				633B59272BB9810100065CD7 /* Debug */,
				633B59282BB9810100065CD7 /* Release */,
			);
			defaultConfigurationIsVisible = 0;
			defaultConfigurationName = Release;
		};
		633B59292BB9810100065CD7 /* Build configuration list for PBXNativeTarget "Raw Beat" */ = {
			isa = XCConfigurationList;
			buildConfigurations = (
				633B592A2BB9810100065CD7 /* Debug */,
				633B592B2BB9810100065CD7 /* Release */,
			);
			defaultConfigurationIsVisible = 0;
			defaultConfigurationName = Release;
		};
		633B592C2BB9810100065CD7 /* Build configuration list for PBXNativeTarget "Raw BeatTests" */ = {
			isa = XCConfigurationList;
			buildConfigurations = (
				633B592D2BB9810100065CD7 /* Debug */,
				633B592E2BB9810100065CD7 /* Release */,
			);
			defaultConfigurationIsVisible = 0;
			defaultConfigurationName = Release;
		};
		633B592F2BB9810100065CD7 /* Build configuration list for PBXNativeTarget "Raw BeatUITests" */ = {
			isa = XCConfigurationList;
			buildConfigurations = (
				633B59302BB9810100065CD7 /* Debug */,
				633B59312BB9810100065CD7 /* Release */,
			);
			defaultConfigurationIsVisible = 0;
			defaultConfigurationName = Release;
		};
/* End XCConfigurationList section */
	};
	rootObject = 633B58FD2BB980FD00065CD7 /* Project object */;
}
